
Microsoft Visual Studio Solution File, Format Version 12.00
# Visual Studio 15
Project("{FAE04EC0-301F-11D3-BF4B-00C04F79EFBC}") = "Assembly-CSharp", "Assembly-CSharp.csproj", "{CF7C25B7-3DF8-1435-D7BD-95847E75F8E7}"
EndProject
Project("{FAE04EC0-301F-11D3-BF4B-00C04F79EFBC}") = "Assembly-CSharp-Editor", "Assembly-CSharp-Editor.csproj", "{57EFD7BE-5895-DBBD-A413-AFAC277A033F}"
EndProject
Project("{FAE04EC0-301F-11D3-BF4B-00C04F79EFBC}") = "Assembly-CSharp-Editor-firstpass", "Assembly-CSharp-Editor-firstpass.csproj", "{5A2380D3-45DE-8601-190D-131469C2E950}"
EndProject
Global
	GlobalSection(SolutionConfigurationPlatforms) = preSolution
		Debug|Any CPU = Debug|Any CPU
		Release|Any CPU = Release|Any CPU
	EndGlobalSection
	GlobalSection(ProjectConfigurationPlatforms) = postSolution
		{CF7C25B7-3DF8-1435-D7BD-95847E75F8E7}.Debug|Any CPU.ActiveCfg = Debug|Any CPU
		{CF7C25B7-3DF8-1435-D7BD-95847E75F8E7}.Debug|Any CPU.Build.0 = Debug|Any CPU
		{CF7C25B7-3DF8-1435-D7BD-95847E75F8E7}.Release|Any CPU.ActiveCfg = Release|Any CPU
		{CF7C25B7-3DF8-1435-D7BD-95847E75F8E7}.Release|Any CPU.Build.0 = Release|Any CPU
		{57EFD7BE-5895-DBBD-A413-AFAC277A033F}.Debug|Any CPU.ActiveCfg = Debug|Any CPU
		{57EFD7BE-5895-DBBD-A413-AFAC277A033F}.Debug|Any CPU.Build.0 = Debug|Any CPU
		{57EFD7BE-5895-DBBD-A413-AFAC277A033F}.Release|Any CPU.ActiveCfg = Release|Any CPU
		{57EFD7BE-5895-DBBD-A413-AFAC277A033F}.Release|Any CPU.Build.0 = Release|Any CPU
		{5A2380D3-45DE-8601-190D-131469C2E950}.Debug|Any CPU.ActiveCfg = Debug|Any CPU
		{5A2380D3-45DE-8601-190D-131469C2E950}.Debug|Any CPU.Build.0 = Debug|Any CPU
		{5A2380D3-45DE-8601-190D-131469C2E950}.Release|Any CPU.ActiveCfg = Release|Any CPU
		{5A2380D3-45DE-8601-190D-131469C2E950}.Release|Any CPU.Build.0 = Release|Any CPU
	EndGlobalSection
	GlobalSection(SolutionProperties) = preSolution
		HideSolutionNode = FALSE
	EndGlobalSection
EndGlobal
