
Microsoft Visual Studio Solution File, Format Version 12.00
# Visual Studio 15
Project("{FAE04EC0-301F-11D3-BF4B-00C04F79EFBC}") = "Assembly-CSharp", "Assembly-CSharp.csproj", "{4190FBC9-CD5D-FA5A-360D-403CAE57297A}"
EndProject
Project("{FAE04EC0-301F-11D3-BF4B-00C04F79EFBC}") = "Assembly-CSharp-Editor", "Assembly-CSharp-Editor.csproj", "{A3B0E7AC-CE80-8C5A-2953-AF73D8A0B25E}"
EndProject
Global
	GlobalSection(SolutionConfigurationPlatforms) = preSolution
		Debug|Any CPU = Debug|Any CPU
		Release|Any CPU = Release|Any CPU
	EndGlobalSection
	GlobalSection(ProjectConfigurationPlatforms) = postSolution
		{4190FBC9-CD5D-FA5A-360D-403CAE57297A}.Debug|Any CPU.ActiveCfg = Debug|Any CPU
		{4190FBC9-CD5D-FA5A-360D-403CAE57297A}.Debug|Any CPU.Build.0 = Debug|Any CPU
		{4190FBC9-CD5D-FA5A-360D-403CAE57297A}.Release|Any CPU.ActiveCfg = Release|Any CPU
		{4190FBC9-CD5D-FA5A-360D-403CAE57297A}.Release|Any CPU.Build.0 = Release|Any CPU
		{A3B0E7AC-CE80-8C5A-2953-AF73D8A0B25E}.Debug|Any CPU.ActiveCfg = Debug|Any CPU
		{A3B0E7AC-CE80-8C5A-2953-AF73D8A0B25E}.Debug|Any CPU.Build.0 = Debug|Any CPU
		{A3B0E7AC-CE80-8C5A-2953-AF73D8A0B25E}.Release|Any CPU.ActiveCfg = Release|Any CPU
		{A3B0E7AC-CE80-8C5A-2953-AF73D8A0B25E}.Release|Any CPU.Build.0 = Release|Any CPU
	EndGlobalSection
	GlobalSection(SolutionProperties) = preSolution
		HideSolutionNode = FALSE
	EndGlobalSection
EndGlobal
