
Microsoft Visual Studio Solution File, Format Version 12.00
# Visual Studio 15
Project("{FAE04EC0-301F-11D3-BF4B-00C04F79EFBC}") = "VuforiaScripts", "VuforiaScripts.csproj", "{4C3A3F0E-F08E-AA71-78FB-20F5170A2409}"
EndProject
Project("{FAE04EC0-301F-11D3-BF4B-00C04F79EFBC}") = "Assembly-CSharp", "Assembly-CSharp.csproj", "{4190FBC9-CD5D-FA5A-360D-403CAE57297A}"
EndProject
Project("{FAE04EC0-301F-11D3-BF4B-00C04F79EFBC}") = "Assembly-CSharp-firstpass", "Assembly-CSharp-firstpass.csproj", "{0E5F6898-A873-BB9A-3D86-8324FBEB1155}"
EndProject
Project("{FAE04EC0-301F-11D3-BF4B-00C04F79EFBC}") = "Assembly-CSharp-Editor", "Assembly-CSharp-Editor.csproj", "{A3B0E7AC-CE80-8C5A-2953-AF73D8A0B25E}"
EndProject
Project("{FAE04EC0-301F-11D3-BF4B-00C04F79EFBC}") = "Assembly-CSharp-Editor-firstpass", "Assembly-CSharp-Editor-firstpass.csproj", "{85F34A7C-9B15-4B62-23CD-DC792CB13CB0}"
EndProject
Project("{FAE04EC0-301F-11D3-BF4B-00C04F79EFBC}") = "VuforiaEditorScripts", "VuforiaEditorScripts.csproj", "{A3AC33AE-F4D8-A840-98EE-B36CEC661C8E}"
EndProject
Global
	GlobalSection(SolutionConfigurationPlatforms) = preSolution
		Debug|Any CPU = Debug|Any CPU
		Release|Any CPU = Release|Any CPU
	EndGlobalSection
	GlobalSection(ProjectConfigurationPlatforms) = postSolution
		{4C3A3F0E-F08E-AA71-78FB-20F5170A2409}.Debug|Any CPU.ActiveCfg = Debug|Any CPU
		{4C3A3F0E-F08E-AA71-78FB-20F5170A2409}.Debug|Any CPU.Build.0 = Debug|Any CPU
		{4C3A3F0E-F08E-AA71-78FB-20F5170A2409}.Release|Any CPU.ActiveCfg = Release|Any CPU
		{4C3A3F0E-F08E-AA71-78FB-20F5170A2409}.Release|Any CPU.Build.0 = Release|Any CPU
		{4190FBC9-CD5D-FA5A-360D-403CAE57297A}.Debug|Any CPU.ActiveCfg = Debug|Any CPU
		{4190FBC9-CD5D-FA5A-360D-403CAE57297A}.Debug|Any CPU.Build.0 = Debug|Any CPU
		{4190FBC9-CD5D-FA5A-360D-403CAE57297A}.Release|Any CPU.ActiveCfg = Release|Any CPU
		{4190FBC9-CD5D-FA5A-360D-403CAE57297A}.Release|Any CPU.Build.0 = Release|Any CPU
		{0E5F6898-A873-BB9A-3D86-8324FBEB1155}.Debug|Any CPU.ActiveCfg = Debug|Any CPU
		{0E5F6898-A873-BB9A-3D86-8324FBEB1155}.Debug|Any CPU.Build.0 = Debug|Any CPU
		{0E5F6898-A873-BB9A-3D86-8324FBEB1155}.Release|Any CPU.ActiveCfg = Release|Any CPU
		{0E5F6898-A873-BB9A-3D86-8324FBEB1155}.Release|Any CPU.Build.0 = Release|Any CPU
		{A3B0E7AC-CE80-8C5A-2953-AF73D8A0B25E}.Debug|Any CPU.ActiveCfg = Debug|Any CPU
		{A3B0E7AC-CE80-8C5A-2953-AF73D8A0B25E}.Debug|Any CPU.Build.0 = Debug|Any CPU
		{A3B0E7AC-CE80-8C5A-2953-AF73D8A0B25E}.Release|Any CPU.ActiveCfg = Release|Any CPU
		{A3B0E7AC-CE80-8C5A-2953-AF73D8A0B25E}.Release|Any CPU.Build.0 = Release|Any CPU
		{85F34A7C-9B15-4B62-23CD-DC792CB13CB0}.Debug|Any CPU.ActiveCfg = Debug|Any CPU
		{85F34A7C-9B15-4B62-23CD-DC792CB13CB0}.Debug|Any CPU.Build.0 = Debug|Any CPU
		{85F34A7C-9B15-4B62-23CD-DC792CB13CB0}.Release|Any CPU.ActiveCfg = Release|Any CPU
		{85F34A7C-9B15-4B62-23CD-DC792CB13CB0}.Release|Any CPU.Build.0 = Release|Any CPU
		{A3AC33AE-F4D8-A840-98EE-B36CEC661C8E}.Debug|Any CPU.ActiveCfg = Debug|Any CPU
		{A3AC33AE-F4D8-A840-98EE-B36CEC661C8E}.Debug|Any CPU.Build.0 = Debug|Any CPU
		{A3AC33AE-F4D8-A840-98EE-B36CEC661C8E}.Release|Any CPU.ActiveCfg = Release|Any CPU
		{A3AC33AE-F4D8-A840-98EE-B36CEC661C8E}.Release|Any CPU.Build.0 = Release|Any CPU
	EndGlobalSection
	GlobalSection(SolutionProperties) = preSolution
		HideSolutionNode = FALSE
	EndGlobalSection
EndGlobal
