
Microsoft Visual Studio Solution File, Format Version 11.00
# Visual Studio 2010
Project("{FAE04EC0-301F-11D3-BF4B-00C04F79EFBC}") = "Assembly-CSharp", "Assembly-CSharp.csproj", "{12B9DF75-516A-CB5B-A1D4-CFF36B113599}"
EndProject
Project("{FAE04EC0-301F-11D3-BF4B-00C04F79EFBC}") = "Assembly-CSharp-firstpass", "Assembly-CSharp-firstpass.csproj", "{E668C125-6587-755D-713A-2AB5F4A0CD3E}"
EndProject
Project("{FAE04EC0-301F-11D3-BF4B-00C04F79EFBC}") = "Assembly-CSharp-Editor", "Assembly-CSharp-Editor.csproj", "{987BA5D3-FC2C-24C7-6744-2178CAD8A799}"
EndProject
Project("{FAE04EC0-301F-11D3-BF4B-00C04F79EFBC}") = "Assembly-CSharp-Editor-firstpass", "Assembly-CSharp-Editor-firstpass.csproj", "{E9062DB3-7370-B497-CF74-67BCE5D67936}"
EndProject
Global
	GlobalSection(SolutionConfigurationPlatforms) = preSolution
		Debug|Any CPU = Debug|Any CPU
		Release|Any CPU = Release|Any CPU
	EndGlobalSection
	GlobalSection(ProjectConfigurationPlatforms) = postSolution
		{12B9DF75-516A-CB5B-A1D4-CFF36B113599}.Debug|Any CPU.ActiveCfg = Debug|Any CPU
		{12B9DF75-516A-CB5B-A1D4-CFF36B113599}.Debug|Any CPU.Build.0 = Debug|Any CPU
		{12B9DF75-516A-CB5B-A1D4-CFF36B113599}.Release|Any CPU.ActiveCfg = Release|Any CPU
		{12B9DF75-516A-CB5B-A1D4-CFF36B113599}.Release|Any CPU.Build.0 = Release|Any CPU
		{E668C125-6587-755D-713A-2AB5F4A0CD3E}.Debug|Any CPU.ActiveCfg = Debug|Any CPU
		{E668C125-6587-755D-713A-2AB5F4A0CD3E}.Debug|Any CPU.Build.0 = Debug|Any CPU
		{E668C125-6587-755D-713A-2AB5F4A0CD3E}.Release|Any CPU.ActiveCfg = Release|Any CPU
		{E668C125-6587-755D-713A-2AB5F4A0CD3E}.Release|Any CPU.Build.0 = Release|Any CPU
		{987BA5D3-FC2C-24C7-6744-2178CAD8A799}.Debug|Any CPU.ActiveCfg = Debug|Any CPU
		{987BA5D3-FC2C-24C7-6744-2178CAD8A799}.Debug|Any CPU.Build.0 = Debug|Any CPU
		{987BA5D3-FC2C-24C7-6744-2178CAD8A799}.Release|Any CPU.ActiveCfg = Release|Any CPU
		{987BA5D3-FC2C-24C7-6744-2178CAD8A799}.Release|Any CPU.Build.0 = Release|Any CPU
		{E9062DB3-7370-B497-CF74-67BCE5D67936}.Debug|Any CPU.ActiveCfg = Debug|Any CPU
		{E9062DB3-7370-B497-CF74-67BCE5D67936}.Debug|Any CPU.Build.0 = Debug|Any CPU
		{E9062DB3-7370-B497-CF74-67BCE5D67936}.Release|Any CPU.ActiveCfg = Release|Any CPU
		{E9062DB3-7370-B497-CF74-67BCE5D67936}.Release|Any CPU.Build.0 = Release|Any CPU
	EndGlobalSection
	GlobalSection(SolutionProperties) = preSolution
		HideSolutionNode = FALSE
	EndGlobalSection
	GlobalSection(MonoDevelopProperties) = preSolution
		StartupItem = Assembly-CSharp.csproj
	EndGlobalSection
EndGlobal
