
Microsoft Visual Studio Solution File, Format Version 12.00
# Visual Studio 15
Project("{FAE04EC0-301F-11D3-BF4B-00C04F79EFBC}") = "Assembly-CSharp", "Assembly-CSharp.csproj", "{B45C4E5B-492C-6211-FC05-16E16C472AC6}"
EndProject
Project("{FAE04EC0-301F-11D3-BF4B-00C04F79EFBC}") = "Assembly-CSharp-Editor", "Assembly-CSharp-Editor.csproj", "{F71F5AAD-2886-8230-18A5-BB1135558B6E}"
EndProject
Global
	GlobalSection(SolutionConfigurationPlatforms) = preSolution
		Debug|Any CPU = Debug|Any CPU
		Release|Any CPU = Release|Any CPU
	EndGlobalSection
	GlobalSection(ProjectConfigurationPlatforms) = postSolution
		{B45C4E5B-492C-6211-FC05-16E16C472AC6}.Debug|Any CPU.ActiveCfg = Debug|Any CPU
		{B45C4E5B-492C-6211-FC05-16E16C472AC6}.Debug|Any CPU.Build.0 = Debug|Any CPU
		{B45C4E5B-492C-6211-FC05-16E16C472AC6}.Release|Any CPU.ActiveCfg = Release|Any CPU
		{B45C4E5B-492C-6211-FC05-16E16C472AC6}.Release|Any CPU.Build.0 = Release|Any CPU
		{F71F5AAD-2886-8230-18A5-BB1135558B6E}.Debug|Any CPU.ActiveCfg = Debug|Any CPU
		{F71F5AAD-2886-8230-18A5-BB1135558B6E}.Debug|Any CPU.Build.0 = Debug|Any CPU
		{F71F5AAD-2886-8230-18A5-BB1135558B6E}.Release|Any CPU.ActiveCfg = Release|Any CPU
		{F71F5AAD-2886-8230-18A5-BB1135558B6E}.Release|Any CPU.Build.0 = Release|Any CPU
	EndGlobalSection
	GlobalSection(SolutionProperties) = preSolution
		HideSolutionNode = FALSE
	EndGlobalSection
EndGlobal
